github.com/cenk/backoff v2.1.1+incompatible h1:gaShhlJc32b7ht9cwld/ti0z7tJOf69oUEA8jJNYV48=
github.com/cenk/backoff v2.1.1+incompatible/go.mod h1:7FtoeaSnHoZnmZzz47cM35Y9nSW7tNyaidugnHTaFDE=
github.com/davecgh/go-spew v1.1.0 h1:ZDRjVQ15GmhC3fiQ8ni8+OwkZQO4DARzQgrnXU1Liz8=
github.com/davecgh/go-spew v1.1.0/go.mod h1:J7Y8YcW2NihsgmVo/mv3lAwl/skON4iLHjSsI+c5H38=
github.com/docker/libkv v0.2.1 h1:PNXYaftMVCFS5CmnDtDWTg3wbBO61Q/cEo3KX1oKxto=
github.com/docker/libkv v0.2.1/go.mod h1:r5hEwHwW8dr0TFBYGCarMNbrQOiwL1xoqDYZ/JqoTK0=
github.com/facebookgo/clock v0.0.0-20150410010913-600d898af40a h1:yDWHCSQ40h88yih2JAcL6Ls/kVkSE8GFACTGVnMPruw=
github.com/facebookgo/clock v0.0.0-20150410010913-600d898af40a/go.mod h1:7Ga40egUymuWXxAe151lTNnCv97MddSOVsjpPPkityA=
github.com/golang/protobuf v1.2.0 h1:P3YflyNX/ehuJFLhxviNdFxQPkGK5cDcApsge1SqnvM=
github.com/golang/protobuf v1.2.0/go.mod h1:6lQm79b+lXiMfvg/cZm0SGofjICqVBUtrP5yJMmIC1U=
github.com/google/uuid v1.1.1 h1:Gkbcsh/GbpXz7lPftLA3P6TYMwjCLYm83jiFQZF/3gY=
github.com/google/uuid v1.1.1/go.mod h1:TIyPZe4MgqvfeYDBFedMoGGpEw/LqOeaOT+nhxU+yHo=
github.com/kr/pretty v0.1.0 h1:L/CwN0zerZDmRFUapSPitk6f+Q3+0za1rQkzVuMiMFI=
github.com/kr/pretty v0.1.0/go.mod h1:dAy3ld7l9f0ibDNOQOHHMYYIIbhfbHSm3C4ZsoJORNo=
github.com/kr/pty v1.1.1/go.mod h1:pFQYn66WHrOpPYNljwOMqo10TkYh1fy3cYio2l3bCsQ=
github.com/kr/text v0.1.0 h1:45sCR5RtlFHMR4UwH9sdQ5TC8v0qDQCHnXt+kaKSTVE=
github.com/kr/text v0.1.0/go.mod h1:4Jbv+DJW3UT/LiOwJeYQe1efqtUx/iVham/4vfdArNI=
github.com/peterbourgon/g2s v0.0.0-20170223122336-d4e7ad98afea h1:sKwxy1H95npauwu8vtF95vG/syrL0p8fSZo/XlDg5gk=
github.com/peterbourgon/g2s v0.0.0-20170223122336-d4e7ad98afea/go.mod h1:1VcHEd3ro4QMoHfiNl/j7Jkln9+KQuorp0PItHMJYNg=
github.com/pmezard/go-difflib v1.0.0 h1:4DBwDE0NGyQoBHbLQYPwSUPoCMWR5BEzIk/f1lZbAQM=
github.com/pmezard/go-difflib v1.0.0/go.mod h1:iKH77koFhYxTK1pcRnkKkqfTogsbg7gZNVY4sRDYZ/4=
github.com/rubyist/circuitbreaker v2.2.1+incompatible h1:KUKd/pV8Geg77+8LNDwdow6rVCAYOp8+kHUyFvL6Mhk=
github.com/rubyist/circuitbreaker v2.2.1+incompatible/go.mod h1:Ycs3JgJADPuzJDwffe12k6BZT8hxVi6lFK+gWYJLN4A=
github.com/samuel/go-zookeeper v0.0.0-20180130194729-c4fab1ac1bec h1:6ncX5ko6B9LntYM0YBRXkiSaZMmLYeZ/NWcmeB43mMY=
github.com/samuel/go-zookeeper v0.0.0-20180130194729-c4fab1ac1bec/go.mod h1:gi+0XIa01GRL2eRQVjQkKGqKF3SF9vZR/HnPullcV2E=
github.com/stretchr/objx v0.1.0/go.mod h1:HFkY916IF+rwdDfMAkV7OtwuqBVzrE8GR6GFx+wExME=
github.com/stretchr/testify v1.3.0 h1:TivCn/peBQ7UY8ooIcPgZFpTNSz0Q2U6UrFlUfqbe0Q=
github.com/stretchr/testify v1.3.0/go.mod h1:M5WIy9Dh21IEIfnGCwXGc5bZfKNJtfHm1UVUgZn+9EI=
github.com/vmihailenco/msgpack v4.0.2+incompatible h1:6ujmmycMfB62Mwv2N4atpnf8CKLSzhgodqMenpELKIQ=
github.com/vmihailenco/msgpack v4.0.2+incompatible/go.mod h1:fy3FlTQTDXWkZ7Bh6AcGMlsjHatGryHQYUTf1ShIgkk=
golang.org/x/net v0.0.0-20180724234803-3673e40ba225 h1:kNX+jCowfMYzvlSvJu5pQWEmyWFrBXJ3PBy10xKMXK8=
golang.org/x/net v0.0.0-20180724234803-3673e40ba225/go.mod h1:mL1N/T3taQHkDXs73rZJwtUhF3w3ftmwwsq0BUmARs4=
golang.org/x/sync v0.0.0-20190227155943-e225da77a7e6 h1:bjcUS9ztw9kFmmIxJInhon/0Is3p+EHBKNgquIzo1OI=
golang.org/x/sync v0.0.0-20190227155943-e225da77a7e6/go.mod h1:RxMgew5VJxzue5/jJTE5uejpjVlOe/izrB70Jof72aM=
golang.org/x/text v0.3.0/go.mod h1:NqM8EUOU14njkJ3fqMW+pc6Ldnwhi/IjpwHt7yyuwOQ=
google.golang.org/appengine v1.4.0 h1:/wp5JvzpHIxhs/dumFmF7BXTf3Z+dd4uXta4kVyO508=
google.golang.org/appengine v1.4.0/go.mod h1:xpcJRLb0r/rnEns0DIKYYv+WjYCduHsrkT7/EB5XEv4=
gopkg.in/check.v1 v1.0.0-20180628173108-788fd7840127 h1:qIbj1fsPNlZgppZ+VLlY7N33q108Sa+fhmuc+sWQYwY=
gopkg.in/check.v1 v1.0.0-20180628173108-788fd7840127/go.mod h1:Co6ibVJAznAaIkqp8huTwlJQCZ016jof/cbN4VW5Yz0=
